{
  "name": "@putervision/spc",
  "version": "1.2.0",
  "lockfileVersion": 3,
  "requires": true,
  "packages": {
    "": {
      "name": "@putervision/spc",
      "version": "1.2.0",
      "license": "MIT",
      "bin": {
        "space-proof-code": "bin/cli.js",
        "spc": "bin/cli.js"
      },
      "devDependencies": {
        "jest": "^29.7.0"
      },
      "engines": {
        "node": ">=18.0.0"
      }
    }
  }
}
